// !$*UTF8*$!
{
	archiveVersion = 1;
	classes = {
	};
	objectVersion = 60;
	objects = {

/* Begin PBXBuildFile section */
		05430D0A /* HomeView.swift in Sources */ = {isa = PBXBuildFile; fileRef = D4A8C48F /* HomeView.swift */; };
		0A9F1997 /* Assets.xcassets in Resources */ = {isa = PBXBuildFile; fileRef = 0A9F1998 /* Assets.xcassets */; };
		1C6A2D0D /* Theme.swift in Sources */ = {isa = PBXBuildFile; fileRef = 329BFC86 /* Theme.swift */; };
		25C63AAD /* SectionCard.swift in Sources */ = {isa = PBXBuildFile; fileRef = 1AFADFFA /* SectionCard.swift */; };
		29578002 /* ResultDisplay.swift in Sources */ = {isa = PBXBuildFile; fileRef = 67FF5BBA /* ResultDisplay.swift */; };
		745D2258 /* WalletOperationsView.swift in Sources */ = {isa = PBXBuildFile; fileRef = AD79F288 /* WalletOperationsView.swift */; };
		7E08D908 /* ContentView.swift in Sources */ = {isa = PBXBuildFile; fileRef = 446F0A72 /* ContentView.swift */; };
		8FB4F972 /* WalletInfoSection.swift in Sources */ = {isa = PBXBuildFile; fileRef = E9FB20E1 /* WalletInfoSection.swift */; };
		9F54A0F6 /* PhantomConnectSDK in Frameworks */ = {isa = PBXBuildFile; productRef = 9F54A0F7 /* PhantomConnectSDK */; };
		B6391881 /* SolanaRPC.swift in Sources */ = {isa = PBXBuildFile; fileRef = ADE6CD10 /* SolanaRPC.swift */; };
		C0AEF76B /* PhantomSampleApp.swift in Sources */ = {isa = PBXBuildFile; fileRef = 7E31741A /* PhantomSampleApp.swift */; };
		F1A2B3C4 /* MockOAuthLauncher.swift in Sources */ = {isa = PBXBuildFile; fileRef = F1A2B3C5 /* MockOAuthLauncher.swift */; };
/* End PBXBuildFile section */

/* Begin PBXFileReference section */
		0A9F1998 /* Assets.xcassets */ = {isa = PBXFileReference; lastKnownFileType = folder.assetcatalog; path = Assets.xcassets; sourceTree = "<group>"; };
		1AFADFFA /* SectionCard.swift */ = {isa = PBXFileReference; lastKnownFileType = sourcecode.swift; path = SectionCard.swift; sourceTree = "<group>"; };
		2678F494 /* PhantomSample.app */ = {isa = PBXFileReference; explicitFileType = wrapper.application; includeInIndex = 0; path = PhantomSample.app; sourceTree = BUILT_PRODUCTS_DIR; };
		329BFC86 /* Theme.swift */ = {isa = PBXFileReference; lastKnownFileType = sourcecode.swift; path = Theme.swift; sourceTree = "<group>"; };
		446F0A72 /* ContentView.swift */ = {isa = PBXFileReference; lastKnownFileType = sourcecode.swift; path = ContentView.swift; sourceTree = "<group>"; };
		67FF5BBA /* ResultDisplay.swift */ = {isa = PBXFileReference; lastKnownFileType = sourcecode.swift; path = ResultDisplay.swift; sourceTree = "<group>"; };
		7E31741A /* PhantomSampleApp.swift */ = {isa = PBXFileReference; lastKnownFileType = sourcecode.swift; path = PhantomSampleApp.swift; sourceTree = "<group>"; };
		AD79F288 /* WalletOperationsView.swift */ = {isa = PBXFileReference; lastKnownFileType = sourcecode.swift; path = WalletOperationsView.swift; sourceTree = "<group>"; };
		ADE6CD10 /* SolanaRPC.swift */ = {isa = PBXFileReference; lastKnownFileType = sourcecode.swift; path = SolanaRPC.swift; sourceTree = "<group>"; };
		D4A8C48F /* HomeView.swift */ = {isa = PBXFileReference; lastKnownFileType = sourcecode.swift; path = HomeView.swift; sourceTree = "<group>"; };
		E2DAEB01 /* Info.plist */ = {isa = PBXFileReference; lastKnownFileType = text.plist.xml; path = Info.plist; sourceTree = "<group>"; };
		E9FB20E1 /* WalletInfoSection.swift */ = {isa = PBXFileReference; lastKnownFileType = sourcecode.swift; path = WalletInfoSection.swift; sourceTree = "<group>"; };
		F1A2B3C5 /* MockOAuthLauncher.swift */ = {isa = PBXFileReference; lastKnownFileType = sourcecode.swift; path = MockOAuthLauncher.swift; sourceTree = "<group>"; };
/* End PBXFileReference section */

/* Begin PBXFrameworksBuildPhase section */
		88991F66 /* Frameworks */ = {
			isa = PBXFrameworksBuildPhase;
			buildActionMask = 2147483647;
			files = (
				9F54A0F6 /* PhantomConnectSDK in Frameworks */,
			);
			runOnlyForDeploymentPostprocessing = 0;
		};
/* End PBXFrameworksBuildPhase section */

/* Begin PBXGroup section */
		0A858979 = {
			isa = PBXGroup;
			children = (
				3DFE4427 /* PhantomSample */,
				B88D7E26 /* Products */,
			);
			sourceTree = "<group>";
		};
		3DFE4427 /* PhantomSample */ = {
			isa = PBXGroup;
			children = (
				7E31741A /* PhantomSampleApp.swift */,
				446F0A72 /* ContentView.swift */,
				329BFC86 /* Theme.swift */,
				ADE6CD10 /* SolanaRPC.swift */,
				F1A2B3C5 /* MockOAuthLauncher.swift */,
				C376D4D9 /* Views */,
				424EA155 /* Components */,
				0A9F1998 /* Assets.xcassets */,
				E2DAEB01 /* Info.plist */,
			);
			path = PhantomSample;
			sourceTree = "<group>";
		};
		424EA155 /* Components */ = {
			isa = PBXGroup;
			children = (
				1AFADFFA /* SectionCard.swift */,
				E9FB20E1 /* WalletInfoSection.swift */,
				67FF5BBA /* ResultDisplay.swift */,
			);
			path = Components;
			sourceTree = "<group>";
		};
		B88D7E26 /* Products */ = {
			isa = PBXGroup;
			children = (
				2678F494 /* PhantomSample.app */,
			);
			name = Products;
			sourceTree = "<group>";
		};
		C376D4D9 /* Views */ = {
			isa = PBXGroup;
			children = (
				D4A8C48F /* HomeView.swift */,
				AD79F288 /* WalletOperationsView.swift */,
			);
			path = Views;
			sourceTree = "<group>";
		};
/* End PBXGroup section */

/* Begin PBXNativeTarget section */
		147982BE /* PhantomSample */ = {
			isa = PBXNativeTarget;
			buildConfigurationList = 1C377C05 /* Build configuration list for PBXNativeTarget "PhantomSample" */;
			buildPhases = (
				A1B2C3D4 /* Build XCFramework */,
				B7D45641 /* Sources */,
				88991F66 /* Frameworks */,
				4B5D84E5 /* Resources */,
			);
			buildRules = (
			);
			dependencies = (
			);
			name = PhantomSample;
			packageProductDependencies = (
				9F54A0F7 /* PhantomConnectSDK */,
			);
			productName = PhantomSample;
			productReference = 2678F494 /* PhantomSample.app */;
			productType = "com.apple.product-type.application";
		};
/* End PBXNativeTarget section */

/* Begin PBXProject section */
		0DFC75AD /* Project object */ = {
			isa = PBXProject;
			attributes = {
				BuildIndependentTargetsInParallel = 1;
				LastSwiftUpdateCheck = 1540;
				LastUpgradeCheck = 1540;
				TargetAttributes = {
					147982BE = {
						CreatedOnToolsVersion = 15.4;
					};
				};
			};
			buildConfigurationList = CC3DC2F4 /* Build configuration list for PBXProject "PhantomSample" */;
			compatibilityVersion = "Xcode 14.0";
			developmentRegion = en;
			hasScannedForEncodings = 0;
			knownRegions = (
				en,
				Base,
			);
			mainGroup = 0A858979;
			packageReferences = (
				1BC5B369 /* XCLocalSwiftPackageReference "../Internal/PhantomConnectSDK" */,
			);
			productRefGroup = B88D7E26 /* Products */;
			projectDirPath = "";
			projectRoot = "";
			targets = (
				147982BE /* PhantomSample */,
			);
		};
/* End PBXProject section */

/* Begin PBXResourcesBuildPhase section */
		4B5D84E5 /* Resources */ = {
			isa = PBXResourcesBuildPhase;
			buildActionMask = 2147483647;
			files = (
				0A9F1997 /* Assets.xcassets in Resources */,
			);
			runOnlyForDeploymentPostprocessing = 0;
		};
/* End PBXResourcesBuildPhase section */

/* Begin PBXShellScriptBuildPhase section */
		A1B2C3D4 /* Build XCFramework */ = {
			isa = PBXShellScriptBuildPhase;
			alwaysOutOfDate = 1;
			buildActionMask = 2147483647;
			files = (
			);
			inputFileListPaths = (
			);
			inputPaths = (
			);
			name = "Build XCFramework";
			outputFileListPaths = (
			);
			outputPaths = (
			);
			runOnlyForDeploymentPostprocessing = 0;
			shellPath = /bin/sh;
			shellScript = "export JAVA_HOME=$(/usr/libexec/java_home 2>/dev/null || echo \"$JAVA_HOME\")\nexport PATH=\"$JAVA_HOME/bin:$PATH\"\ncd \"$SRCROOT/..\"\n./gradlew :phantom-connect-wallet:assemblePhantomConnectWalletKMPDebugXCFramework -x test\n";
		};
/* End PBXShellScriptBuildPhase section */

/* Begin PBXSourcesBuildPhase section */
		B7D45641 /* Sources */ = {
			isa = PBXSourcesBuildPhase;
			buildActionMask = 2147483647;
			files = (
				C0AEF76B /* PhantomSampleApp.swift in Sources */,
				7E08D908 /* ContentView.swift in Sources */,
				1C6A2D0D /* Theme.swift in Sources */,
				05430D0A /* HomeView.swift in Sources */,
				745D2258 /* WalletOperationsView.swift in Sources */,
				25C63AAD /* SectionCard.swift in Sources */,
				8FB4F972 /* WalletInfoSection.swift in Sources */,
				29578002 /* ResultDisplay.swift in Sources */,
				B6391881 /* SolanaRPC.swift in Sources */,
				F1A2B3C4 /* MockOAuthLauncher.swift in Sources */,
			);
			runOnlyForDeploymentPostprocessing = 0;
		};
/* End PBXSourcesBuildPhase section */

/* Begin XCBuildConfiguration section */
		47889D2E /* Debug */ = {
			isa = XCBuildConfiguration;
			buildSettings = {
				ALWAYS_SEARCH_USER_PATHS = NO;
				ASSETCATALOG_COMPILER_GENERATE_SWIFT_ASSET_SYMBOL_EXTENSIONS = YES;
				CLANG_ANALYZER_NONNULL = YES;
				CLANG_ANALYZER_NUMBER_OBJECT_CONVERSION = YES_AGGRESSIVE;
				CLANG_CXX_LANGUAGE_STANDARD = "gnu++20";
				CLANG_ENABLE_MODULES = YES;
				CLANG_ENABLE_OBJC_ARC = YES;
				CLANG_ENABLE_OBJC_WEAK = YES;
				CLANG_WARN_BLOCK_CAPTURE_AUTORELEASING = YES;
				CLANG_WARN_BOOL_CONVERSION = YES;
				CLANG_WARN_COMMA = YES;
				CLANG_WARN_CONSTANT_CONVERSION = YES;
				CLANG_WARN_DEPRECATED_OBJC_IMPLEMENTATIONS = YES;
				CLANG_WARN_DIRECT_OBJC_ISA_USAGE = YES_ERROR;
				CLANG_WARN_DOCUMENTATION_COMMENTS = YES;
				CLANG_WARN_EMPTY_BODY = YES;
				CLANG_WARN_ENUM_CONVERSION = YES;
				CLANG_WARN_INFINITE_RECURSION = YES;
				CLANG_WARN_INT_CONVERSION = YES;
				CLANG_WARN_NON_LITERAL_NULL_CONVERSION = YES;
				CLANG_WARN_OBJC_IMPLICIT_RETAIN_SELF = YES;
				CLANG_WARN_OBJC_LITERAL_CONVERSION = YES;
				CLANG_WARN_OBJC_ROOT_CLASS = YES_ERROR;
				CLANG_WARN_QUOTED_INCLUDE_IN_FRAMEWORK_HEADER = YES;
				CLANG_WARN_RANGE_LOOP_ANALYSIS = YES;
				CLANG_WARN_STRICT_PROTOTYPES = YES;
				CLANG_WARN_SUSPICIOUS_MOVE = YES;
				CLANG_WARN_UNGUARDED_AVAILABILITY = YES_AGGRESSIVE;
				CLANG_WARN_UNREACHABLE_CODE = YES;
				CLANG_WARN__DUPLICATE_METHOD_MATCH = YES;
				COPY_PHASE_STRIP = NO;
				DEBUG_INFORMATION_FORMAT = dwarf;
				ENABLE_STRICT_OBJC_MSGSEND = YES;
				ENABLE_TESTABILITY = YES;
				ENABLE_USER_SCRIPT_SANDBOXING = NO;
				GCC_C_LANGUAGE_STANDARD = gnu17;
				GCC_DYNAMIC_NO_PIC = NO;
				GCC_NO_COMMON_BLOCKS = YES;
				GCC_OPTIMIZATION_LEVEL = 0;
				GCC_PREPROCESSOR_DEFINITIONS = (
					"DEBUG=1",
					"$(inherited)",
				);
				GCC_WARN_64_TO_32_BIT_CONVERSION = YES;
				GCC_WARN_ABOUT_RETURN_TYPE = YES_ERROR;
				GCC_WARN_UNDECLARED_SELECTOR = YES;
				GCC_WARN_UNINITIALIZED_AUTOS = YES_AGGRESSIVE;
				GCC_WARN_UNUSED_FUNCTION = YES;
				GCC_WARN_UNUSED_VARIABLE = YES;
				IPHONEOS_DEPLOYMENT_TARGET = 16.0;
				MTL_ENABLE_DEBUG_INFO = INCLUDE_SOURCE;
				MTL_FAST_MATH = YES;
				ONLY_ACTIVE_ARCH = YES;
				SDKROOT = iphoneos;
				SWIFT_ACTIVE_COMPILATION_CONDITIONS = "DEBUG $(inherited)";
				SWIFT_OPTIMIZATION_LEVEL = "-Onone";
			};
			name = Debug;
		};
		56E0B1DE /* Release */ = {
			isa = XCBuildConfiguration;
			buildSettings = {
				ALWAYS_SEARCH_USER_PATHS = NO;
				ASSETCATALOG_COMPILER_GENERATE_SWIFT_ASSET_SYMBOL_EXTENSIONS = YES;
				CLANG_ANALYZER_NONNULL = YES;
				CLANG_ANALYZER_NUMBER_OBJECT_CONVERSION = YES_AGGRESSIVE;
				CLANG_CXX_LANGUAGE_STANDARD = "gnu++20";
				CLANG_ENABLE_MODULES = YES;
				CLANG_ENABLE_OBJC_ARC = YES;
				CLANG_ENABLE_OBJC_WEAK = YES;
				CLANG_WARN_BLOCK_CAPTURE_AUTORELEASING = YES;
				CLANG_WARN_BOOL_CONVERSION = YES;
				CLANG_WARN_COMMA = YES;
				CLANG_WARN_CONSTANT_CONVERSION = YES;
				CLANG_WARN_DEPRECATED_OBJC_IMPLEMENTATIONS = YES;
				CLANG_WARN_DIRECT_OBJC_ISA_USAGE = YES_ERROR;
				CLANG_WARN_DOCUMENTATION_COMMENTS = YES;
				CLANG_WARN_EMPTY_BODY = YES;
				CLANG_WARN_ENUM_CONVERSION = YES;
				CLANG_WARN_INFINITE_RECURSION = YES;
				CLANG_WARN_INT_CONVERSION = YES;
				CLANG_WARN_NON_LITERAL_NULL_CONVERSION = YES;
				CLANG_WARN_OBJC_IMPLICIT_RETAIN_SELF = YES;
				CLANG_WARN_OBJC_LITERAL_CONVERSION = YES;
				CLANG_WARN_OBJC_ROOT_CLASS = YES_ERROR;
				CLANG_WARN_QUOTED_INCLUDE_IN_FRAMEWORK_HEADER = YES;
				CLANG_WARN_RANGE_LOOP_ANALYSIS = YES;
				CLANG_WARN_STRICT_PROTOTYPES = YES;
				CLANG_WARN_SUSPICIOUS_MOVE = YES;
				CLANG_WARN_UNGUARDED_AVAILABILITY = YES_AGGRESSIVE;
				CLANG_WARN_UNREACHABLE_CODE = YES;
				CLANG_WARN__DUPLICATE_METHOD_MATCH = YES;
				COPY_PHASE_STRIP = NO;
				DEBUG_INFORMATION_FORMAT = "dwarf-with-dsym";
				ENABLE_NS_ASSERTIONS = NO;
				ENABLE_STRICT_OBJC_MSGSEND = YES;
				ENABLE_USER_SCRIPT_SANDBOXING = NO;
				GCC_C_LANGUAGE_STANDARD = gnu17;
				GCC_NO_COMMON_BLOCKS = YES;
				GCC_WARN_64_TO_32_BIT_CONVERSION = YES;
				GCC_WARN_ABOUT_RETURN_TYPE = YES_ERROR;
				GCC_WARN_UNDECLARED_SELECTOR = YES;
				GCC_WARN_UNINITIALIZED_AUTOS = YES_AGGRESSIVE;
				GCC_WARN_UNUSED_FUNCTION = YES;
				GCC_WARN_UNUSED_VARIABLE = YES;
				IPHONEOS_DEPLOYMENT_TARGET = 16.0;
				MTL_ENABLE_DEBUG_INFO = NO;
				MTL_FAST_MATH = YES;
				SDKROOT = iphoneos;
				SWIFT_COMPILATION_MODE = wholemodule;
				VALIDATE_PRODUCT = YES;
			};
			name = Release;
		};
		CB06A0D9 /* Release */ = {
			isa = XCBuildConfiguration;
			buildSettings = {
				ASSETCATALOG_COMPILER_APPICON_NAME = AppIcon;
				ASSETCATALOG_COMPILER_GLOBAL_ACCENT_COLOR_NAME = AccentColor;
				CODE_SIGN_STYLE = Automatic;
				CURRENT_PROJECT_VERSION = 1;
				DEVELOPMENT_TEAM = 2X56L589EV;
				GENERATE_INFOPLIST_FILE = YES;
				INFOPLIST_FILE = PhantomSample/Info.plist;
				INFOPLIST_KEY_UIApplicationSceneManifest_Generation = YES;
				INFOPLIST_KEY_UIApplicationSupportsIndirectInputEvents = YES;
				INFOPLIST_KEY_UILaunchScreen_Generation = YES;
				INFOPLIST_KEY_UISupportedInterfaceOrientations_iPad = "UIInterfaceOrientationPortrait UIInterfaceOrientationPortraitUpsideDown UIInterfaceOrientationLandscapeLeft UIInterfaceOrientationLandscapeRight";
				INFOPLIST_KEY_UISupportedInterfaceOrientations_iPhone = "UIInterfaceOrientationPortrait UIInterfaceOrientationLandscapeLeft UIInterfaceOrientationLandscapeRight";
				LD_RUNPATH_SEARCH_PATHS = (
					"$(inherited)",
					"@executable_path/Frameworks",
				);
				MARKETING_VERSION = 1.0;
				PRODUCT_BUNDLE_IDENTIFIER = dev.bmcreations.phantom.connect.sample;
				PRODUCT_NAME = "$(TARGET_NAME)";
				SUPPORTED_PLATFORMS = "iphoneos iphonesimulator";
				SUPPORTS_MACCATALYST = NO;
				SUPPORTS_MAC_DESIGNED_FOR_IPHONE_IPAD = NO;
				SUPPORTS_XR_DESIGNED_FOR_IPHONE_IPAD = NO;
				SWIFT_EMIT_LOC_STRINGS = YES;
				SWIFT_VERSION = 5.0;
				TARGETED_DEVICE_FAMILY = "1,2";
			};
			name = Release;
		};
		FFF6AE29 /* Debug */ = {
			isa = XCBuildConfiguration;
			buildSettings = {
				ASSETCATALOG_COMPILER_APPICON_NAME = AppIcon;
				ASSETCATALOG_COMPILER_GLOBAL_ACCENT_COLOR_NAME = AccentColor;
				CODE_SIGN_STYLE = Automatic;
				CURRENT_PROJECT_VERSION = 1;
				DEVELOPMENT_TEAM = 2X56L589EV;
				GENERATE_INFOPLIST_FILE = YES;
				INFOPLIST_FILE = PhantomSample/Info.plist;
				INFOPLIST_KEY_UIApplicationSceneManifest_Generation = YES;
				INFOPLIST_KEY_UIApplicationSupportsIndirectInputEvents = YES;
				INFOPLIST_KEY_UILaunchScreen_Generation = YES;
				INFOPLIST_KEY_UISupportedInterfaceOrientations_iPad = "UIInterfaceOrientationPortrait UIInterfaceOrientationPortraitUpsideDown UIInterfaceOrientationLandscapeLeft UIInterfaceOrientationLandscapeRight";
				INFOPLIST_KEY_UISupportedInterfaceOrientations_iPhone = "UIInterfaceOrientationPortrait UIInterfaceOrientationLandscapeLeft UIInterfaceOrientationLandscapeRight";
				LD_RUNPATH_SEARCH_PATHS = (
					"$(inherited)",
					"@executable_path/Frameworks",
				);
				MARKETING_VERSION = 1.0;
				PRODUCT_BUNDLE_IDENTIFIER = dev.bmcreations.phantom.connect.sample;
				PRODUCT_NAME = "$(TARGET_NAME)";
				SUPPORTED_PLATFORMS = "iphoneos iphonesimulator";
				SUPPORTS_MACCATALYST = NO;
				SUPPORTS_MAC_DESIGNED_FOR_IPHONE_IPAD = NO;
				SUPPORTS_XR_DESIGNED_FOR_IPHONE_IPAD = NO;
				SWIFT_EMIT_LOC_STRINGS = YES;
				SWIFT_VERSION = 5.0;
				TARGETED_DEVICE_FAMILY = "1,2";
			};
			name = Debug;
		};
/* End XCBuildConfiguration section */

/* Begin XCConfigurationList section */
		1C377C05 /* Build configuration list for PBXNativeTarget "PhantomSample" */ = {
			isa = XCConfigurationList;
			buildConfigurations = (
				FFF6AE29 /* Debug */,
				CB06A0D9 /* Release */,
			);
			defaultConfigurationIsVisible = 0;
			defaultConfigurationName = Release;
		};
		CC3DC2F4 /* Build configuration list for PBXProject "PhantomSample" */ = {
			isa = XCConfigurationList;
			buildConfigurations = (
				47889D2E /* Debug */,
				56E0B1DE /* Release */,
			);
			defaultConfigurationIsVisible = 0;
			defaultConfigurationName = Release;
		};
/* End XCConfigurationList section */

/* Begin XCLocalSwiftPackageReference section */
		1BC5B369 /* XCLocalSwiftPackageReference "../Internal/PhantomConnectSDK" */ = {
			isa = XCLocalSwiftPackageReference;
			relativePath = ../Internal/PhantomConnectSDK;
		};
/* End XCLocalSwiftPackageReference section */

/* Begin XCSwiftPackageProductDependency section */
		9F54A0F7 /* PhantomConnectSDK */ = {
			isa = XCSwiftPackageProductDependency;
			productName = PhantomConnectSDK;
		};
/* End XCSwiftPackageProductDependency section */
	};
	rootObject = 0DFC75AD /* Project object */;
}
